{
  "name": "inpainting-demo",
  "lockfileVersion": 3,
  "requires": true,
  "packages": {
    "": {
      "dependencies": {
        "@cloudflare/ai": "^1.0.52"
      }
    },
    "node_modules/@cloudflare/ai": {
      "version": "1.0.52",
      "resolved": "https://registry.npmjs.org/@cloudflare/ai/-/ai-1.0.52.tgz",
      "integrity": "sha512-Rz7TeTOS57Gl8gzTrDdW6vPAuEX+4T1wx/+w5C9yDaREPxlFjAJBFYMAfMr7z96c3QYfLLekaV9kjtJJUdQSRQ=="
    }
  }
}
